#MicroXplorer Configuration settings - do not modify
ADC1.Channel-1\#ChannelRegularConversion=ADC_CHANNEL_0
ADC1.IPParameters=Rank-1\#ChannelRegularConversion,master,Channel-1\#ChannelRegularConversion,SamplingTime-1\#ChannelRegularConversion,NbrOfConversionFlag
ADC1.NbrOfConversionFlag=1
ADC1.Rank-1\#ChannelRegularConversion=1
ADC1.SamplingTime-1\#ChannelRegularConversion=ADC_SAMPLETIME_3CYCLES
ADC1.master=1
File.Version=6
GPIO.groupedBy=Group By Peripherals
I2S2.AudioFreq=I2S_AUDIOFREQ_96K
I2S2.ClockSource-Full_Duplex_Master=I2S_CLOCK_PLLR
I2S2.DataFormat=I2S_DATAFORMAT_32B
I2S2.ErrorAudioFreq=-0.05 %
I2S2.FullDuplexMode=I2S_FULLDUPLEXMODE_ENABLE
I2S2.IPParameters=Instance,VirtualMode,FullDuplexMode,RealAudioFreq,ErrorAudioFreq,AudioFreq,DataFormat,ClockSource-Full_Duplex_Master
I2S2.Instance=SPI$Index
I2S2.RealAudioFreq=95.947 KHz
I2S2.VirtualMode=I2S_MODE_MASTER
KeepUserPlacement=false
Mcu.Family=STM32F4
Mcu.IP0=ADC1
Mcu.IP1=I2C1
Mcu.IP10=USB_OTG_FS
Mcu.IP2=I2S2
Mcu.IP3=NVIC
Mcu.IP4=QUADSPI
Mcu.IP5=RCC
Mcu.IP6=RTC
Mcu.IP7=SDIO
Mcu.IP8=SPI5
Mcu.IP9=SYS
Mcu.IPNb=11
Mcu.Name=STM32F413R(G-H)Tx
Mcu.Package=LQFP64
Mcu.Pin0=PC13
Mcu.Pin1=PC14-OSC32_IN
Mcu.Pin10=PA2
Mcu.Pin11=PA3
Mcu.Pin12=PA4
Mcu.Pin13=PA5
Mcu.Pin14=PA6
Mcu.Pin15=PA7
Mcu.Pin16=PC4
Mcu.Pin17=PC5
Mcu.Pin18=PB0
Mcu.Pin19=PB1
Mcu.Pin2=PC15-OSC32_OUT
Mcu.Pin20=PB2
Mcu.Pin21=PB10
Mcu.Pin22=PB12
Mcu.Pin23=PB13
Mcu.Pin24=PB14
Mcu.Pin25=PB15
Mcu.Pin26=PC6
Mcu.Pin27=PC7
Mcu.Pin28=PC8
Mcu.Pin29=PC9
Mcu.Pin3=PH0 - OSC_IN
Mcu.Pin30=PA8
Mcu.Pin31=PA9
Mcu.Pin32=PA10
Mcu.Pin33=PA11
Mcu.Pin34=PA12
Mcu.Pin35=PA13
Mcu.Pin36=PA14
Mcu.Pin37=PC10
Mcu.Pin38=PC11
Mcu.Pin39=PC12
Mcu.Pin4=PH1 - OSC_OUT
Mcu.Pin40=PD2
Mcu.Pin41=PB3
Mcu.Pin42=PB4
Mcu.Pin43=PB5
Mcu.Pin44=PB6
Mcu.Pin45=PB7
Mcu.Pin46=PB8
Mcu.Pin47=PB9
Mcu.Pin48=VP_RTC_VS_RTC_Activate
Mcu.Pin49=VP_RTC_VS_RTC_Calendar
Mcu.Pin5=PC0
Mcu.Pin50=VP_SYS_VS_Systick
Mcu.Pin6=PC1
Mcu.Pin7=PC2
Mcu.Pin8=PA0
Mcu.Pin9=PA1
Mcu.PinsNb=51
Mcu.ThirdPartyNb=0
Mcu.UserConstants=
Mcu.UserName=STM32F413RHTx
MxCube.Version=5.6.1
MxDb.Version=DB.5.0.60
NVIC.BusFault_IRQn=true\:0\:0\:false\:false\:true\:false\:false
NVIC.DebugMonitor_IRQn=true\:0\:0\:false\:false\:true\:false\:false
NVIC.ForceEnableDMAVector=true
NVIC.HardFault_IRQn=true\:0\:0\:false\:false\:true\:false\:false
NVIC.MemoryManagement_IRQn=true\:0\:0\:false\:false\:true\:false\:false
NVIC.NonMaskableInt_IRQn=true\:0\:0\:false\:false\:true\:false\:true
NVIC.PendSV_IRQn=true\:0\:0\:false\:false\:true\:false\:false
NVIC.PriorityGroup=NVIC_PRIORITYGROUP_4
NVIC.SVCall_IRQn=true\:0\:0\:false\:false\:true\:false\:false
NVIC.SysTick_IRQn=true\:0\:0\:false\:false\:true\:false\:true
NVIC.UsageFault_IRQn=true\:0\:0\:false\:false\:true\:false\:false
PA0.GPIOParameters=GPIO_Label
PA0.GPIO_Label=V-TH
PA0.Locked=true
PA0.Signal=ADCx_IN0
PA1.GPIOParameters=GPIO_Label
PA1.GPIO_Label=V-TL
PA1.Locked=true
PA1.Signal=ADCx_IN1
PA10.Locked=true
PA10.Mode=OTG/Dual_Role_Device
PA10.Signal=USB_OTG_FS_ID
PA11.Locked=true
PA11.Mode=OTG/Dual_Role_Device
PA11.Signal=USB_OTG_FS_DM
PA12.Locked=true
PA12.Mode=OTG/Dual_Role_Device
PA12.Signal=USB_OTG_FS_DP
PA13.Locked=true
PA13.Mode=Serial_Wire
PA13.Signal=SYS_JTMS-SWDIO
PA14.Locked=true
PA14.Mode=Serial_Wire
PA14.Signal=SYS_JTCK-SWCLK
PA2.GPIOParameters=GPIO_Label
PA2.GPIO_Label=V-FWD
PA2.Locked=true
PA2.Signal=ADCx_IN2
PA3.GPIOParameters=GPIO_Label
PA3.GPIO_Label=V-REV
PA3.Locked=true
PA3.Signal=ADCx_IN3
PA4.GPIOParameters=GPIO_Label
PA4.GPIO_Label=V-BAT
PA4.Locked=true
PA4.Signal=ADCx_IN4
PA5.GPIOParameters=GPIO_Label
PA5.GPIO_Label=LED
PA5.Locked=true
PA5.Signal=GPIO_Output
PA6.Locked=true
PA6.Mode=Single Bank 2
PA6.Signal=QUADSPI_BK2_IO0
PA7.Locked=true
PA7.Mode=Single Bank 2
PA7.Signal=QUADSPI_BK2_IO1
PA8.Locked=true
PA8.Mode=SD_4_bits_Wide_bus
PA8.Signal=SDIO_D1
PA9.Locked=true
PA9.Mode=Activate_VBUS
PA9.Signal=USB_OTG_FS_VBUS
PB0.Locked=true
PB0.Mode=TX_Only_Simplex_Unidirect_Master
PB0.Signal=SPI5_SCK
PB1.Locked=true
PB1.Mode=Single Bank 2
PB1.Signal=QUADSPI_CLK
PB10.GPIOParameters=GPIO_Label
PB10.GPIO_Label=SPI5_EN
PB10.Locked=true
PB10.Signal=GPIO_Output
PB12.Locked=true
PB12.Mode=Full_Duplex_Master
PB12.Signal=I2S2_WS
PB13.Locked=true
PB13.Mode=Full_Duplex_Master
PB13.Signal=I2S2_CK
PB14.Locked=true
PB14.Mode=Full_Duplex_Master
PB14.Signal=I2S2_ext_SD
PB15.Locked=true
PB15.Mode=Full_Duplex_Master
PB15.Signal=I2S2_SD
PB2.GPIOParameters=GPIO_Label
PB2.GPIO_Label=SPI5_LAT
PB2.Locked=true
PB2.Signal=GPIO_Output
PB3.GPIOParameters=GPIO_PuPd,GPIO_Label
PB3.GPIO_Label=SDIO_DET
PB3.GPIO_PuPd=GPIO_PULLUP
PB3.Locked=true
PB3.Signal=GPIO_Input
PB4.Locked=true
PB4.Mode=SD_4_bits_Wide_bus
PB4.Signal=SDIO_D0
PB5.Locked=true
PB5.Mode=SD_4_bits_Wide_bus
PB5.Signal=SDIO_D3
PB6.Locked=true
PB6.Mode=I2C
PB6.Signal=I2C1_SCL
PB7.Locked=true
PB7.Mode=I2C
PB7.Signal=I2C1_SDA
PB8.Locked=true
PB8.Mode=TX_Only_Simplex_Unidirect_Master
PB8.Signal=SPI5_MOSI
PB9.GPIOParameters=GPIO_PuPd,GPIO_Label
PB9.GPIO_Label=UI-INT
PB9.GPIO_PuPd=GPIO_PULLUP
PB9.Locked=true
PB9.Signal=GPXTI9
PC0.GPIOParameters=GPIO_Label
PC0.GPIO_Label=TX_EN
PC0.Locked=true
PC0.Signal=GPIO_Output
PC1.GPIOParameters=GPIO_Label
PC1.GPIO_Label=RX_EN
PC1.Locked=true
PC1.Signal=GPIO_Output
PC10.Locked=true
PC10.Mode=SD_4_bits_Wide_bus
PC10.Signal=SDIO_D2
PC11.Locked=true
PC11.Mode=Single Bank 2
PC11.Signal=QUADSPI_BK2_NCS
PC12.Locked=true
PC12.Mode=SD_4_bits_Wide_bus
PC12.Signal=SDIO_CK
PC13.GPIOParameters=GPIO_Label
PC13.GPIO_Label=PWR_HOLD
PC13.Locked=true
PC13.Signal=GPIO_Output
PC14-OSC32_IN.Locked=true
PC14-OSC32_IN.Mode=LSE-External-Oscillator
PC14-OSC32_IN.Signal=RCC_OSC32_IN
PC15-OSC32_OUT.Locked=true
PC15-OSC32_OUT.Mode=LSE-External-Oscillator
PC15-OSC32_OUT.Signal=RCC_OSC32_OUT
PC2.GPIOParameters=GPIO_PuPd,GPIO_Label
PC2.GPIO_Label=PWR_BTN
PC2.GPIO_PuPd=GPIO_PULLUP
PC2.Locked=true
PC2.Signal=GPIO_Input
PC4.Locked=true
PC4.Mode=Single Bank 2
PC4.Signal=QUADSPI_BK2_IO2
PC5.Locked=true
PC5.Mode=Single Bank 2
PC5.Signal=QUADSPI_BK2_IO3
PC6.Locked=true
PC6.Mode=Master_Clock_Activated
PC6.Signal=I2S2_MCK
PC7.GPIOParameters=GPIO_PuPd,GPIO_Label
PC7.GPIO_Label=P_DAH
PC7.GPIO_PuPd=GPIO_PULLUP
PC7.Locked=true
PC7.Signal=GPIO_Input
PC8.GPIOParameters=GPIO_PuPd,GPIO_Label
PC8.GPIO_Label=P_DIT
PC8.GPIO_PuPd=GPIO_PULLUP
PC8.Locked=true
PC8.Signal=GPIO_Input
PC9.GPIOParameters=GPIO_PuPd,GPIO_Label
PC9.GPIO_Label=PTT_BTN
PC9.GPIO_PuPd=GPIO_PULLUP
PC9.Locked=true
PC9.Signal=GPIO_Input
PCC.Checker=false
PCC.Line=STM32F413/423
PCC.MCU=STM32F413R(G-H)Tx
PCC.PartNumber=STM32F413RHTx
PCC.Seq0=2
PCC.Seq0.Step0.Average_Current=31.27 mA
PCC.Seq0.Step0.CPU_Frequency=100 MHz
PCC.Seq0.Step0.Category=In DS Table
PCC.Seq0.Step0.DMIPS=125.0
PCC.Seq0.Step0.Duration=0.1 ms
PCC.Seq0.Step0.Frequency=4 MHz
PCC.Seq0.Step0.Memory=FLASH/ART/PREFETCH
PCC.Seq0.Step0.Mode=RUN
PCC.Seq0.Step0.Oscillator=HSE PLL
PCC.Seq0.Step0.Peripherals=ADC1 GPIOA GPIOB GPIOC GPIOD GPIOH I2C1 QUADSPI RTC SDIO SPI2/I2S2 SYS UART5 USB_OTG_FS
PCC.Seq0.Step0.TaMax=99.71
PCC.Seq0.Step0.User's_Consumption=0 mA
PCC.Seq0.Step0.Vcore=Scale1-High
PCC.Seq0.Step0.Vdd=3.6
PCC.Seq0.Step0.Voltage_Source=Battery
PCC.Seq0.Step1.Average_Current=17 \u00B5A
PCC.Seq0.Step1.CPU_Frequency=0 Hz
PCC.Seq0.Step1.Category=In DS Table
PCC.Seq0.Step1.DMIPS=0.0
PCC.Seq0.Step1.Duration=0.9 ms
PCC.Seq0.Step1.Frequency=0 Hz
PCC.Seq0.Step1.Memory=n/a
PCC.Seq0.Step1.Mode=STOP
PCC.Seq0.Step1.Oscillator=Regulator_LPLV Flash-PwrDwn
PCC.Seq0.Step1.Peripherals=
PCC.Seq0.Step1.TaMax=105
PCC.Seq0.Step1.User's_Consumption=0 mA
PCC.Seq0.Step1.Vcore=No Scale
PCC.Seq0.Step1.Vdd=3.6
PCC.Seq0.Step1.Voltage_Source=Battery
PCC.Series=STM32F4
PCC.Temperature=25
PCC.Vdd=3.6
PD2.Locked=true
PD2.Mode=SD_4_bits_Wide_bus
PD2.Signal=SDIO_CMD
PH0\ -\ OSC_IN.Locked=true
PH0\ -\ OSC_IN.Mode=HSE-External-Oscillator
PH0\ -\ OSC_IN.Signal=RCC_OSC_IN
PH1\ -\ OSC_OUT.Locked=true
PH1\ -\ OSC_OUT.Mode=HSE-External-Oscillator
PH1\ -\ OSC_OUT.Signal=RCC_OSC_OUT
PinOutPanel.RotationAngle=0
ProjectManager.AskForMigrate=true
ProjectManager.BackupPrevious=false
ProjectManager.CompilerOptimize=6
ProjectManager.ComputerToolchain=false
ProjectManager.CoupleFile=false
ProjectManager.CustomerFirmwarePackage=
ProjectManager.DefaultFWLocation=true
ProjectManager.DeletePrevious=true
ProjectManager.DeviceId=STM32F413RHTx
ProjectManager.FirmwarePackage=STM32Cube FW_F4 V1.25.0
ProjectManager.FreePins=false
ProjectManager.HalAssertFull=false
ProjectManager.HeapSize=0x200
ProjectManager.KeepUserCode=true
ProjectManager.LastFirmware=true
ProjectManager.LibraryCopy=0
ProjectManager.MainLocation=Src
ProjectManager.NoMain=false
ProjectManager.PreviousToolchain=
ProjectManager.ProjectBuild=false
ProjectManager.ProjectFileName=mcu-pinout.ioc
ProjectManager.ProjectName=mcu-pinout
ProjectManager.StackSize=0x400
ProjectManager.TargetToolchain=EWARM V8.32
ProjectManager.ToolChainLocation=
ProjectManager.UnderRoot=false
ProjectManager.functionlistsort=1-MX_GPIO_Init-GPIO-false-HAL-true,2-SystemClock_Config-RCC-false-HAL-false,3-MX_ADC1_Init-ADC1-false-HAL-true,4-MX_I2C1_Init-I2C1-false-HAL-true,5-MX_I2S2_Init-I2S2-false-HAL-true,6-MX_QUADSPI_Init-QUADSPI-false-HAL-true,7-MX_RTC_Init-RTC-false-HAL-true,8-MX_SDIO_SD_Init-SDIO-false-HAL-true,9-MX_UART5_Init-UART5-false-HAL-true,10-MX_USB_OTG_FS_USB_Init-USB_OTG_FS-false-HAL-true
RCC.AHBFreq_Value=96000000
RCC.APB1CLKDivider=RCC_HCLK_DIV2
RCC.APB1Freq_Value=48000000
RCC.APB1TimFreq_Value=96000000
RCC.APB2Freq_Value=96000000
RCC.APB2TimFreq_Value=96000000
RCC.CortexFreq_Value=96000000
RCC.DFSDM2AudioFreq_Value=196500000
RCC.DFSDM2Freq_Value=96000000
RCC.DFSDMAudioFreq_Value=196500000
RCC.DFSDMFreq_Value=96000000
RCC.EnbaleCSS=true
RCC.FCLKCortexFreq_Value=96000000
RCC.FMPI2C1Freq_Value=48000000
RCC.FamilyName=M
RCC.HCLKFreq_Value=96000000
RCC.HSE_VALUE=24000000
RCC.I2S1Freq_Value=196500000
RCC.I2S2Freq_Value=196500000
RCC.IPParameters=AHBFreq_Value,APB1CLKDivider,APB1Freq_Value,APB1TimFreq_Value,APB2Freq_Value,APB2TimFreq_Value,CortexFreq_Value,DFSDM2AudioFreq_Value,DFSDM2Freq_Value,DFSDMAudioFreq_Value,DFSDMFreq_Value,EnbaleCSS,FCLKCortexFreq_Value,FMPI2C1Freq_Value,FamilyName,HCLKFreq_Value,HSE_VALUE,I2S1Freq_Value,I2S2Freq_Value,LPTimerFreq_Value,MCO2PinFreq_Value,PLLCLKFreq_Value,PLLI2SM,PLLI2SN,PLLI2SQCLKFreq_Value,PLLI2SRCLKFreq_Value,PLLM,PLLN,PLLQ,PLLQCLKFreq_Value,PLLQoutputFreq_Value,PLLRCLKFreq_Value,PLLRoutputFreq_Value,PLLSourceVirtual,PWREXT_OverDrive,PWRFreq_Value,RCC_RTC_Clock_Source,RCC_RTC_Clock_SourceVirtual,RNGFreq_Value,RTCFreq_Value,SAI1AFreq_Value,SAI1BFreq_Value,SDIOFreq_Value,SYSCLKFreq_VALUE,SYSCLKSource,USBFreq_Value,VCOI2SInputFreq_Value,VCOI2SOutputFreq_Value,VCOInputFreq_Value,VCOOutputFreq_Value
RCC.LPTimerFreq_Value=48000000
RCC.MCO2PinFreq_Value=96000000
RCC.PLLCLKFreq_Value=96000000
RCC.PLLI2SM=24
RCC.PLLI2SN=393
RCC.PLLI2SQCLKFreq_Value=196500000
RCC.PLLI2SRCLKFreq_Value=196500000
RCC.PLLM=12
RCC.PLLN=96
RCC.PLLQ=4
RCC.PLLQCLKFreq_Value=48000000
RCC.PLLQoutputFreq_Value=48000000
RCC.PLLRCLKFreq_Value=96000000
RCC.PLLRoutputFreq_Value=96000000
RCC.PLLSourceVirtual=RCC_PLLSOURCE_HSE
RCC.PWREXT_OverDrive=PWREXT_OverDrive_DESACTIVATED
RCC.PWRFreq_Value=96000000
RCC.RCC_RTC_Clock_Source=RCC_RTCCLKSOURCE_LSE
RCC.RCC_RTC_Clock_SourceVirtual=RCC_RTCCLKSOURCE_LSE
RCC.RNGFreq_Value=48000000
RCC.RTCFreq_Value=32768
RCC.SAI1AFreq_Value=24000000
RCC.SAI1BFreq_Value=24000000
RCC.SDIOFreq_Value=48000000
RCC.SYSCLKFreq_VALUE=96000000
RCC.SYSCLKSource=RCC_SYSCLKSOURCE_PLLCLK
RCC.USBFreq_Value=48000000
RCC.VCOI2SInputFreq_Value=1000000
RCC.VCOI2SOutputFreq_Value=393000000
RCC.VCOInputFreq_Value=2000000
RCC.VCOOutputFreq_Value=192000000
SH.ADCx_IN0.0=ADC1_IN0,IN0
SH.ADCx_IN0.ConfNb=1
SH.ADCx_IN1.0=ADC1_IN1,IN1
SH.ADCx_IN1.ConfNb=1
SH.ADCx_IN2.0=ADC1_IN2,IN2
SH.ADCx_IN2.ConfNb=1
SH.ADCx_IN3.0=ADC1_IN3,IN3
SH.ADCx_IN3.ConfNb=1
SH.ADCx_IN4.0=ADC1_IN4,IN4
SH.ADCx_IN4.ConfNb=1
SH.GPXTI9.0=GPIO_EXTI9
SH.GPXTI9.ConfNb=1
SPI5.BaudRatePrescaler=SPI_BAUDRATEPRESCALER_16
SPI5.CalculateBaudRate=6.0 MBits/s
SPI5.Direction=SPI_DIRECTION_2LINES
SPI5.IPParameters=VirtualType,Mode,Direction,CalculateBaudRate,BaudRatePrescaler
SPI5.Mode=SPI_MODE_MASTER
SPI5.VirtualType=VM_MASTER
VP_RTC_VS_RTC_Activate.Mode=RTC_Enabled
VP_RTC_VS_RTC_Activate.Signal=RTC_VS_RTC_Activate
VP_RTC_VS_RTC_Calendar.Mode=RTC_Calendar
VP_RTC_VS_RTC_Calendar.Signal=RTC_VS_RTC_Calendar
VP_SYS_VS_Systick.Mode=SysTick
VP_SYS_VS_Systick.Signal=SYS_VS_Systick
board=custom
